
Microsoft Visual Studio Solution File, Format Version 12.00
# Visual Studio 15
VisualStudioVersion = 15.0.26730.0
MinimumVisualStudioVersion = 10.0.40219.1
Project("{FAE04EC0-301F-11D3-BF4B-00C04F79EFBC}") = "XamUBot", "XamUBot.csproj", "{D3EF79F4-B919-4EBC-9363-A51A83C6D537}"
EndProject
Project("{FAE04EC0-301F-11D3-BF4B-00C04F79EFBC}") = "XamUApi", "XamUApi\XamUApi.csproj", "{9215677A-832D-4097-BF1C-5D1124DC4DF0}"
EndProject
Project("{2150E333-8FDC-42A3-9474-1A3956D46DE8}") = "Tools", "Tools", "{9A9C250E-738E-4F01-8D29-34FFD8A6D45E}"
	ProjectSection(SolutionItems) = preProject
		ngrok.exe = ngrok.exe
	EndProjectSection
EndProject
Global
	GlobalSection(SolutionConfigurationPlatforms) = preSolution
		Debug|Any CPU = Debug|Any CPU
		Release|Any CPU = Release|Any CPU
	EndGlobalSection
	GlobalSection(ProjectConfigurationPlatforms) = postSolution
		{D3EF79F4-B919-4EBC-9363-A51A83C6D537}.Debug|Any CPU.ActiveCfg = Debug|Any CPU
		{D3EF79F4-B919-4EBC-9363-A51A83C6D537}.Debug|Any CPU.Build.0 = Debug|Any CPU
		{D3EF79F4-B919-4EBC-9363-A51A83C6D537}.Release|Any CPU.ActiveCfg = Release|Any CPU
		{D3EF79F4-B919-4EBC-9363-A51A83C6D537}.Release|Any CPU.Build.0 = Release|Any CPU
		{9215677A-832D-4097-BF1C-5D1124DC4DF0}.Debug|Any CPU.ActiveCfg = Debug|Any CPU
		{9215677A-832D-4097-BF1C-5D1124DC4DF0}.Debug|Any CPU.Build.0 = Debug|Any CPU
		{9215677A-832D-4097-BF1C-5D1124DC4DF0}.Release|Any CPU.ActiveCfg = Release|Any CPU
		{9215677A-832D-4097-BF1C-5D1124DC4DF0}.Release|Any CPU.Build.0 = Release|Any CPU
	EndGlobalSection
	GlobalSection(SolutionProperties) = preSolution
		HideSolutionNode = FALSE
	EndGlobalSection
	GlobalSection(ExtensibilityGlobals) = postSolution
		SolutionGuid = {3B932C94-C81D-46A2-8E67-B957D31BAE10}
	EndGlobalSection
EndGlobal
